// !$*UTF8*$!
{
	archiveVersion = 1;
	classes = {
	};
	objectVersion = 46;
	objects = {

/* Begin PBXBuildFile section */
		660387A11BF54A6100B47FAD /* main.m in Sources */ = {isa = PBXBuildFile; fileRef = 660387A01BF54A6100B47FAD /* main.m */; };
		660387A41BF54A6100B47FAD /* AppDelegate.m in Sources */ = {isa = PBXBuildFile; fileRef = 660387A31BF54A6100B47FAD /* AppDelegate.m */; };
		660387A71BF54A6100B47FAD /* ViewController.m in Sources */ = {isa = PBXBuildFile; fileRef = 660387A61BF54A6100B47FAD /* ViewController.m */; };
		660387AA1BF54A6100B47FAD /* Main.storyboard in Resources */ = {isa = PBXBuildFile; fileRef = 660387A81BF54A6100B47FAD /* Main.storyboard */; };
		660387AC1BF54A6100B47FAD /* Images.xcassets in Resources */ = {isa = PBXBuildFile; fileRef = 660387AB1BF54A6100B47FAD /* Images.xcassets */; };
		660387AF1BF54A6100B47FAD /* LaunchScreen.xib in Resources */ = {isa = PBXBuildFile; fileRef = 660387AD1BF54A6100B47FAD /* LaunchScreen.xib */; };
		660387BB1BF54A6100B47FAD /* map2Tests.m in Sources */ = {isa = PBXBuildFile; fileRef = 660387BA1BF54A6100B47FAD /* map2Tests.m */; };
		660387C51BF54A7600B47FAD /* MapKit.framework in Frameworks */ = {isa = PBXBuildFile; fileRef = 660387C41BF54A7600B47FAD /* MapKit.framework */; };
		660387C81BF552D900B47FAD /* Annotation.m in Sources */ = {isa = PBXBuildFile; fileRef = 660387C71BF552D900B47FAD /* Annotation.m */; };
		660387CA1BF5F2C400B47FAD /* CoreLocation.framework in Frameworks */ = {isa = PBXBuildFile; fileRef = 660387C91BF5F2C400B47FAD /* CoreLocation.framework */; };
		664BB2D21C05E24000EB4D20 /* ipad2x.jpg in Resources */ = {isa = PBXBuildFile; fileRef = 664BB2CF1C05E24000EB4D20 /* ipad2x.jpg */; };
		664BB2D31C05E24000EB4D20 /* ipadmini1x.jpg in Resources */ = {isa = PBXBuildFile; fileRef = 664BB2D01C05E24000EB4D20 /* ipadmini1x.jpg */; };
		664BB2D41C05E24000EB4D20 /* ipadPro2x.jpg in Resources */ = {isa = PBXBuildFile; fileRef = 664BB2D11C05E24000EB4D20 /* ipadPro2x.jpg */; };
		664BB2D91C05E25200EB4D20 /* 2x.jpg in Resources */ = {isa = PBXBuildFile; fileRef = 664BB2D51C05E25200EB4D20 /* 2x.jpg */; };
		664BB2DA1C05E25200EB4D20 /* 3x.jpg in Resources */ = {isa = PBXBuildFile; fileRef = 664BB2D61C05E25200EB4D20 /* 3x.jpg */; };
		664BB2DB1C05E25200EB4D20 /* app_store_logo.jpg in Resources */ = {isa = PBXBuildFile; fileRef = 664BB2D71C05E25200EB4D20 /* app_store_logo.jpg */; };
		664BB2DC1C05E25200EB4D20 /* dentist_logo_root.jpg in Resources */ = {isa = PBXBuildFile; fileRef = 664BB2D81C05E25200EB4D20 /* dentist_logo_root.jpg */; };
		664BB2DE1C05E30E00EB4D20 /* Images-2.xcassets in Resources */ = {isa = PBXBuildFile; fileRef = 664BB2DD1C05E30E00EB4D20 /* Images-2.xcassets */; };
		664BB2E11C05E3AE00EB4D20 /* 2x.png in Resources */ = {isa = PBXBuildFile; fileRef = 664BB2DF1C05E3AE00EB4D20 /* 2x.png */; };
		664BB2E21C05E3AE00EB4D20 /* 3x.png in Resources */ = {isa = PBXBuildFile; fileRef = 664BB2E01C05E3AE00EB4D20 /* 3x.png */; };
		669DBDE61BFBC2A5002695BD /* HomeModel.m in Sources */ = {isa = PBXBuildFile; fileRef = 669DBDE21BFBC2A5002695BD /* HomeModel.m */; };
		669DBDE71BFBC2A5002695BD /* Location.m in Sources */ = {isa = PBXBuildFile; fileRef = 669DBDE51BFBC2A5002695BD /* Location.m */; };
		66F0FA821BFCA5570055F151 /* DetailViewController.m in Sources */ = {isa = PBXBuildFile; fileRef = 66F0FA811BFCA5570055F151 /* DetailViewController.m */; };
		66F0FA891BFCD5210055F151 /* ico-tooth.png in Resources */ = {isa = PBXBuildFile; fileRef = 66F0FA881BFCD5210055F151 /* ico-tooth.png */; };
/* End PBXBuildFile section */

/* Begin PBXContainerItemProxy section */
		660387B51BF54A6100B47FAD /* PBXContainerItemProxy */ = {
			isa = PBXContainerItemProxy;
			containerPortal = 660387931BF54A6100B47FAD /* Project object */;
			proxyType = 1;
			remoteGlobalIDString = 6603879A1BF54A6100B47FAD;
			remoteInfo = map2;
		};
/* End PBXContainerItemProxy section */

/* Begin PBXFileReference section */
		6603879B1BF54A6100B47FAD /* map2.app */ = {isa = PBXFileReference; explicitFileType = wrapper.application; includeInIndex = 0; path = map2.app; sourceTree = BUILT_PRODUCTS_DIR; };
		6603879F1BF54A6100B47FAD /* Info.plist */ = {isa = PBXFileReference; lastKnownFileType = text.plist.xml; path = Info.plist; sourceTree = "<group>"; };
		660387A01BF54A6100B47FAD /* main.m */ = {isa = PBXFileReference; lastKnownFileType = sourcecode.c.objc; path = main.m; sourceTree = "<group>"; };
		660387A21BF54A6100B47FAD /* AppDelegate.h */ = {isa = PBXFileReference; lastKnownFileType = sourcecode.c.h; path = AppDelegate.h; sourceTree = "<group>"; };
		660387A31BF54A6100B47FAD /* AppDelegate.m */ = {isa = PBXFileReference; lastKnownFileType = sourcecode.c.objc; path = AppDelegate.m; sourceTree = "<group>"; };
		660387A51BF54A6100B47FAD /* ViewController.h */ = {isa = PBXFileReference; lastKnownFileType = sourcecode.c.h; path = ViewController.h; sourceTree = "<group>"; };
		660387A61BF54A6100B47FAD /* ViewController.m */ = {isa = PBXFileReference; lastKnownFileType = sourcecode.c.objc; path = ViewController.m; sourceTree = "<group>"; };
		660387A91BF54A6100B47FAD /* Base */ = {isa = PBXFileReference; lastKnownFileType = file.storyboard; name = Base; path = Base.lproj/Main.storyboard; sourceTree = "<group>"; };
		660387AB1BF54A6100B47FAD /* Images.xcassets */ = {isa = PBXFileReference; lastKnownFileType = folder.assetcatalog; path = Images.xcassets; sourceTree = "<group>"; };
		660387AE1BF54A6100B47FAD /* Base */ = {isa = PBXFileReference; lastKnownFileType = file.xib; name = Base; path = Base.lproj/LaunchScreen.xib; sourceTree = "<group>"; };
		660387B41BF54A6100B47FAD /* map2Tests.xctest */ = {isa = PBXFileReference; explicitFileType = wrapper.cfbundle; includeInIndex = 0; path = map2Tests.xctest; sourceTree = BUILT_PRODUCTS_DIR; };
		660387B91BF54A6100B47FAD /* Info.plist */ = {isa = PBXFileReference; lastKnownFileType = text.plist.xml; path = Info.plist; sourceTree = "<group>"; };
		660387BA1BF54A6100B47FAD /* map2Tests.m */ = {isa = PBXFileReference; lastKnownFileType = sourcecode.c.objc; path = map2Tests.m; sourceTree = "<group>"; };
		660387C41BF54A7600B47FAD /* MapKit.framework */ = {isa = PBXFileReference; lastKnownFileType = wrapper.framework; name = MapKit.framework; path = System/Library/Frameworks/MapKit.framework; sourceTree = SDKROOT; };
		660387C61BF552D900B47FAD /* Annotation.h */ = {isa = PBXFileReference; fileEncoding = 4; lastKnownFileType = sourcecode.c.h; path = Annotation.h; sourceTree = "<group>"; };
		660387C71BF552D900B47FAD /* Annotation.m */ = {isa = PBXFileReference; fileEncoding = 4; lastKnownFileType = sourcecode.c.objc; path = Annotation.m; sourceTree = "<group>"; };
		660387C91BF5F2C400B47FAD /* CoreLocation.framework */ = {isa = PBXFileReference; lastKnownFileType = wrapper.framework; name = CoreLocation.framework; path = System/Library/Frameworks/CoreLocation.framework; sourceTree = SDKROOT; };
		664BB2CF1C05E24000EB4D20 /* ipad2x.jpg */ = {isa = PBXFileReference; lastKnownFileType = image.jpeg; path = ipad2x.jpg; sourceTree = "<group>"; };
		664BB2D01C05E24000EB4D20 /* ipadmini1x.jpg */ = {isa = PBXFileReference; lastKnownFileType = image.jpeg; path = ipadmini1x.jpg; sourceTree = "<group>"; };
		664BB2D11C05E24000EB4D20 /* ipadPro2x.jpg */ = {isa = PBXFileReference; lastKnownFileType = image.jpeg; path = ipadPro2x.jpg; sourceTree = "<group>"; };
		664BB2D51C05E25200EB4D20 /* 2x.jpg */ = {isa = PBXFileReference; lastKnownFileType = image.jpeg; path = 2x.jpg; sourceTree = "<group>"; };
		664BB2D61C05E25200EB4D20 /* 3x.jpg */ = {isa = PBXFileReference; lastKnownFileType = image.jpeg; path = 3x.jpg; sourceTree = "<group>"; };
		664BB2D71C05E25200EB4D20 /* app_store_logo.jpg */ = {isa = PBXFileReference; lastKnownFileType = image.jpeg; path = app_store_logo.jpg; sourceTree = "<group>"; };
		664BB2D81C05E25200EB4D20 /* dentist_logo_root.jpg */ = {isa = PBXFileReference; lastKnownFileType = image.jpeg; path = dentist_logo_root.jpg; sourceTree = "<group>"; };
		664BB2DD1C05E30E00EB4D20 /* Images-2.xcassets */ = {isa = PBXFileReference; lastKnownFileType = folder.assetcatalog; path = "Images-2.xcassets"; sourceTree = "<group>"; };
		664BB2DF1C05E3AE00EB4D20 /* 2x.png */ = {isa = PBXFileReference; lastKnownFileType = image.png; path = 2x.png; sourceTree = "<group>"; };
		664BB2E01C05E3AE00EB4D20 /* 3x.png */ = {isa = PBXFileReference; lastKnownFileType = image.png; path = 3x.png; sourceTree = "<group>"; };
		669DBDE21BFBC2A5002695BD /* HomeModel.m */ = {isa = PBXFileReference; fileEncoding = 4; lastKnownFileType = sourcecode.c.objc; name = HomeModel.m; path = ../HomeModel.m; sourceTree = "<group>"; };
		669DBDE31BFBC2A5002695BD /* HomeModel.h */ = {isa = PBXFileReference; fileEncoding = 4; lastKnownFileType = sourcecode.c.h; name = HomeModel.h; path = ../HomeModel.h; sourceTree = "<group>"; };
		669DBDE41BFBC2A5002695BD /* Location.h */ = {isa = PBXFileReference; fileEncoding = 4; lastKnownFileType = sourcecode.c.h; name = Location.h; path = ../Location.h; sourceTree = "<group>"; };
		669DBDE51BFBC2A5002695BD /* Location.m */ = {isa = PBXFileReference; fileEncoding = 4; lastKnownFileType = sourcecode.c.objc; name = Location.m; path = ../Location.m; sourceTree = "<group>"; };
		66F0FA801BFCA5570055F151 /* DetailViewController.h */ = {isa = PBXFileReference; fileEncoding = 4; lastKnownFileType = sourcecode.c.h; path = DetailViewController.h; sourceTree = "<group>"; };
		66F0FA811BFCA5570055F151 /* DetailViewController.m */ = {isa = PBXFileReference; fileEncoding = 4; lastKnownFileType = sourcecode.c.objc; path = DetailViewController.m; sourceTree = "<group>"; };
		66F0FA881BFCD5210055F151 /* ico-tooth.png */ = {isa = PBXFileReference; lastKnownFileType = image.png; path = "ico-tooth.png"; sourceTree = "<group>"; };
/* End PBXFileReference section */

/* Begin PBXFrameworksBuildPhase section */
		660387981BF54A6100B47FAD /* Frameworks */ = {
			isa = PBXFrameworksBuildPhase;
			buildActionMask = 2147483647;
			files = (
				660387CA1BF5F2C400B47FAD /* CoreLocation.framework in Frameworks */,
				660387C51BF54A7600B47FAD /* MapKit.framework in Frameworks */,
			);
			runOnlyForDeploymentPostprocessing = 0;
		};
		660387B11BF54A6100B47FAD /* Frameworks */ = {
			isa = PBXFrameworksBuildPhase;
			buildActionMask = 2147483647;
			files = (
			);
			runOnlyForDeploymentPostprocessing = 0;
		};
/* End PBXFrameworksBuildPhase section */

/* Begin PBXGroup section */
		660387921BF54A6100B47FAD = {
			isa = PBXGroup;
			children = (
				660387C91BF5F2C400B47FAD /* CoreLocation.framework */,
				660387C41BF54A7600B47FAD /* MapKit.framework */,
				6603879D1BF54A6100B47FAD /* map2 */,
				660387B71BF54A6100B47FAD /* map2Tests */,
				6603879C1BF54A6100B47FAD /* Products */,
			);
			sourceTree = "<group>";
		};
		6603879C1BF54A6100B47FAD /* Products */ = {
			isa = PBXGroup;
			children = (
				6603879B1BF54A6100B47FAD /* map2.app */,
				660387B41BF54A6100B47FAD /* map2Tests.xctest */,
			);
			name = Products;
			sourceTree = "<group>";
		};
		6603879D1BF54A6100B47FAD /* map2 */ = {
			isa = PBXGroup;
			children = (
				660387A21BF54A6100B47FAD /* AppDelegate.h */,
				660387A31BF54A6100B47FAD /* AppDelegate.m */,
				660387A51BF54A6100B47FAD /* ViewController.h */,
				660387A61BF54A6100B47FAD /* ViewController.m */,
				66F0FA801BFCA5570055F151 /* DetailViewController.h */,
				66F0FA811BFCA5570055F151 /* DetailViewController.m */,
				669DBDE31BFBC2A5002695BD /* HomeModel.h */,
				669DBDE21BFBC2A5002695BD /* HomeModel.m */,
				669DBDE41BFBC2A5002695BD /* Location.h */,
				669DBDE51BFBC2A5002695BD /* Location.m */,
				660387A81BF54A6100B47FAD /* Main.storyboard */,
				660387C61BF552D900B47FAD /* Annotation.h */,
				660387C71BF552D900B47FAD /* Annotation.m */,
				660387AB1BF54A6100B47FAD /* Images.xcassets */,
				660387AD1BF54A6100B47FAD /* LaunchScreen.xib */,
				664BB2DD1C05E30E00EB4D20 /* Images-2.xcassets */,
				6603879E1BF54A6100B47FAD /* Supporting Files */,
			);
			path = map2;
			sourceTree = "<group>";
		};
		6603879E1BF54A6100B47FAD /* Supporting Files */ = {
			isa = PBXGroup;
			children = (
				664BB2D51C05E25200EB4D20 /* 2x.jpg */,
				664BB2D61C05E25200EB4D20 /* 3x.jpg */,
				664BB2D71C05E25200EB4D20 /* app_store_logo.jpg */,
				664BB2D81C05E25200EB4D20 /* dentist_logo_root.jpg */,
				664BB2DF1C05E3AE00EB4D20 /* 2x.png */,
				664BB2E01C05E3AE00EB4D20 /* 3x.png */,
				664BB2CF1C05E24000EB4D20 /* ipad2x.jpg */,
				664BB2D01C05E24000EB4D20 /* ipadmini1x.jpg */,
				664BB2D11C05E24000EB4D20 /* ipadPro2x.jpg */,
				66F0FA881BFCD5210055F151 /* ico-tooth.png */,
				6603879F1BF54A6100B47FAD /* Info.plist */,
				660387A01BF54A6100B47FAD /* main.m */,
			);
			name = "Supporting Files";
			sourceTree = "<group>";
		};
		660387B71BF54A6100B47FAD /* map2Tests */ = {
			isa = PBXGroup;
			children = (
				660387BA1BF54A6100B47FAD /* map2Tests.m */,
				660387B81BF54A6100B47FAD /* Supporting Files */,
			);
			path = map2Tests;
			sourceTree = "<group>";
		};
		660387B81BF54A6100B47FAD /* Supporting Files */ = {
			isa = PBXGroup;
			children = (
				660387B91BF54A6100B47FAD /* Info.plist */,
			);
			name = "Supporting Files";
			sourceTree = "<group>";
		};
/* End PBXGroup section */

/* Begin PBXNativeTarget section */
		6603879A1BF54A6100B47FAD /* map2 */ = {
			isa = PBXNativeTarget;
			buildConfigurationList = 660387BE1BF54A6100B47FAD /* Build configuration list for PBXNativeTarget "map2" */;
			buildPhases = (
				660387971BF54A6100B47FAD /* Sources */,
				660387981BF54A6100B47FAD /* Frameworks */,
				660387991BF54A6100B47FAD /* Resources */,
			);
			buildRules = (
			);
			dependencies = (
			);
			name = map2;
			productName = map2;
			productReference = 6603879B1BF54A6100B47FAD /* map2.app */;
			productType = "com.apple.product-type.application";
		};
		660387B31BF54A6100B47FAD /* map2Tests */ = {
			isa = PBXNativeTarget;
			buildConfigurationList = 660387C11BF54A6100B47FAD /* Build configuration list for PBXNativeTarget "map2Tests" */;
			buildPhases = (
				660387B01BF54A6100B47FAD /* Sources */,
				660387B11BF54A6100B47FAD /* Frameworks */,
				660387B21BF54A6100B47FAD /* Resources */,
			);
			buildRules = (
			);
			dependencies = (
				660387B61BF54A6100B47FAD /* PBXTargetDependency */,
			);
			name = map2Tests;
			productName = map2Tests;
			productReference = 660387B41BF54A6100B47FAD /* map2Tests.xctest */;
			productType = "com.apple.product-type.bundle.unit-test";
		};
/* End PBXNativeTarget section */

/* Begin PBXProject section */
		660387931BF54A6100B47FAD /* Project object */ = {
			isa = PBXProject;
			attributes = {
				LastUpgradeCheck = 0640;
				ORGANIZATIONNAME = "ÖZLEM ATABAY";
				TargetAttributes = {
					6603879A1BF54A6100B47FAD = {
						CreatedOnToolsVersion = 6.4;
						DevelopmentTeam = E4D6WFLSS7;
					};
					660387B31BF54A6100B47FAD = {
						CreatedOnToolsVersion = 6.4;
						TestTargetID = 6603879A1BF54A6100B47FAD;
					};
				};
			};
			buildConfigurationList = 660387961BF54A6100B47FAD /* Build configuration list for PBXProject "map2" */;
			compatibilityVersion = "Xcode 3.2";
			developmentRegion = English;
			hasScannedForEncodings = 0;
			knownRegions = (
				en,
				Base,
			);
			mainGroup = 660387921BF54A6100B47FAD;
			productRefGroup = 6603879C1BF54A6100B47FAD /* Products */;
			projectDirPath = "";
			projectRoot = "";
			targets = (
				6603879A1BF54A6100B47FAD /* map2 */,
				660387B31BF54A6100B47FAD /* map2Tests */,
			);
		};
/* End PBXProject section */

/* Begin PBXResourcesBuildPhase section */
		660387991BF54A6100B47FAD /* Resources */ = {
			isa = PBXResourcesBuildPhase;
			buildActionMask = 2147483647;
			files = (
				664BB2E21C05E3AE00EB4D20 /* 3x.png in Resources */,
				664BB2E11C05E3AE00EB4D20 /* 2x.png in Resources */,
				664BB2DB1C05E25200EB4D20 /* app_store_logo.jpg in Resources */,
				660387AA1BF54A6100B47FAD /* Main.storyboard in Resources */,
				664BB2D41C05E24000EB4D20 /* ipadPro2x.jpg in Resources */,
				664BB2D31C05E24000EB4D20 /* ipadmini1x.jpg in Resources */,
				664BB2DC1C05E25200EB4D20 /* dentist_logo_root.jpg in Resources */,
				664BB2DA1C05E25200EB4D20 /* 3x.jpg in Resources */,
				664BB2DE1C05E30E00EB4D20 /* Images-2.xcassets in Resources */,
				660387AF1BF54A6100B47FAD /* LaunchScreen.xib in Resources */,
				664BB2D21C05E24000EB4D20 /* ipad2x.jpg in Resources */,
				66F0FA891BFCD5210055F151 /* ico-tooth.png in Resources */,
				660387AC1BF54A6100B47FAD /* Images.xcassets in Resources */,
				664BB2D91C05E25200EB4D20 /* 2x.jpg in Resources */,
			);
			runOnlyForDeploymentPostprocessing = 0;
		};
		660387B21BF54A6100B47FAD /* Resources */ = {
			isa = PBXResourcesBuildPhase;
			buildActionMask = 2147483647;
			files = (
			);
			runOnlyForDeploymentPostprocessing = 0;
		};
/* End PBXResourcesBuildPhase section */

/* Begin PBXSourcesBuildPhase section */
		660387971BF54A6100B47FAD /* Sources */ = {
			isa = PBXSourcesBuildPhase;
			buildActionMask = 2147483647;
			files = (
				669DBDE61BFBC2A5002695BD /* HomeModel.m in Sources */,
				660387A71BF54A6100B47FAD /* ViewController.m in Sources */,
				660387A41BF54A6100B47FAD /* AppDelegate.m in Sources */,
				660387C81BF552D900B47FAD /* Annotation.m in Sources */,
				669DBDE71BFBC2A5002695BD /* Location.m in Sources */,
				660387A11BF54A6100B47FAD /* main.m in Sources */,
				66F0FA821BFCA5570055F151 /* DetailViewController.m in Sources */,
			);
			runOnlyForDeploymentPostprocessing = 0;
		};
		660387B01BF54A6100B47FAD /* Sources */ = {
			isa = PBXSourcesBuildPhase;
			buildActionMask = 2147483647;
			files = (
				660387BB1BF54A6100B47FAD /* map2Tests.m in Sources */,
			);
			runOnlyForDeploymentPostprocessing = 0;
		};
/* End PBXSourcesBuildPhase section */

/* Begin PBXTargetDependency section */
		660387B61BF54A6100B47FAD /* PBXTargetDependency */ = {
			isa = PBXTargetDependency;
			target = 6603879A1BF54A6100B47FAD /* map2 */;
			targetProxy = 660387B51BF54A6100B47FAD /* PBXContainerItemProxy */;
		};
/* End PBXTargetDependency section */

/* Begin PBXVariantGroup section */
		660387A81BF54A6100B47FAD /* Main.storyboard */ = {
			isa = PBXVariantGroup;
			children = (
				660387A91BF54A6100B47FAD /* Base */,
			);
			name = Main.storyboard;
			sourceTree = "<group>";
		};
		660387AD1BF54A6100B47FAD /* LaunchScreen.xib */ = {
			isa = PBXVariantGroup;
			children = (
				660387AE1BF54A6100B47FAD /* Base */,
			);
			name = LaunchScreen.xib;
			sourceTree = "<group>";
		};
/* End PBXVariantGroup section */

/* Begin XCBuildConfiguration section */
		660387BC1BF54A6100B47FAD /* Debug */ = {
			isa = XCBuildConfiguration;
			buildSettings = {
				ALWAYS_SEARCH_USER_PATHS = NO;
				CLANG_CXX_LANGUAGE_STANDARD = "gnu++0x";
				CLANG_CXX_LIBRARY = "libc++";
				CLANG_ENABLE_MODULES = YES;
				CLANG_ENABLE_OBJC_ARC = YES;
				CLANG_WARN_BOOL_CONVERSION = YES;
				CLANG_WARN_CONSTANT_CONVERSION = YES;
				CLANG_WARN_DIRECT_OBJC_ISA_USAGE = YES_ERROR;
				CLANG_WARN_EMPTY_BODY = YES;
				CLANG_WARN_ENUM_CONVERSION = YES;
				CLANG_WARN_INT_CONVERSION = YES;
				CLANG_WARN_OBJC_ROOT_CLASS = YES_ERROR;
				CLANG_WARN_UNREACHABLE_CODE = YES;
				CLANG_WARN__DUPLICATE_METHOD_MATCH = YES;
				"CODE_SIGN_IDENTITY[sdk=iphoneos*]" = "iPhone Developer";
				COPY_PHASE_STRIP = NO;
				DEBUG_INFORMATION_FORMAT = "dwarf-with-dsym";
				ENABLE_STRICT_OBJC_MSGSEND = YES;
				GCC_C_LANGUAGE_STANDARD = gnu99;
				GCC_DYNAMIC_NO_PIC = NO;
				GCC_NO_COMMON_BLOCKS = YES;
				GCC_OPTIMIZATION_LEVEL = 0;
				GCC_PREPROCESSOR_DEFINITIONS = (
					"DEBUG=1",
					"$(inherited)",
				);
				GCC_SYMBOLS_PRIVATE_EXTERN = NO;
				GCC_WARN_64_TO_32_BIT_CONVERSION = YES;
				GCC_WARN_ABOUT_RETURN_TYPE = YES_ERROR;
				GCC_WARN_UNDECLARED_SELECTOR = YES;
				GCC_WARN_UNINITIALIZED_AUTOS = YES_AGGRESSIVE;
				GCC_WARN_UNUSED_FUNCTION = YES;
				GCC_WARN_UNUSED_VARIABLE = YES;
				IPHONEOS_DEPLOYMENT_TARGET = 8.4;
				MTL_ENABLE_DEBUG_INFO = YES;
				ONLY_ACTIVE_ARCH = YES;
				SDKROOT = iphoneos;
			};
			name = Debug;
		};
		660387BD1BF54A6100B47FAD /* Release */ = {
			isa = XCBuildConfiguration;
			buildSettings = {
				ALWAYS_SEARCH_USER_PATHS = NO;
				CLANG_CXX_LANGUAGE_STANDARD = "gnu++0x";
				CLANG_CXX_LIBRARY = "libc++";
				CLANG_ENABLE_MODULES = YES;
				CLANG_ENABLE_OBJC_ARC = YES;
				CLANG_WARN_BOOL_CONVERSION = YES;
				CLANG_WARN_CONSTANT_CONVERSION = YES;
				CLANG_WARN_DIRECT_OBJC_ISA_USAGE = YES_ERROR;
				CLANG_WARN_EMPTY_BODY = YES;
				CLANG_WARN_ENUM_CONVERSION = YES;
				CLANG_WARN_INT_CONVERSION = YES;
				CLANG_WARN_OBJC_ROOT_CLASS = YES_ERROR;
				CLANG_WARN_UNREACHABLE_CODE = YES;
				CLANG_WARN__DUPLICATE_METHOD_MATCH = YES;
				"CODE_SIGN_IDENTITY[sdk=iphoneos*]" = "iPhone Developer";
				COPY_PHASE_STRIP = NO;
				DEBUG_INFORMATION_FORMAT = "dwarf-with-dsym";
				ENABLE_NS_ASSERTIONS = NO;
				ENABLE_STRICT_OBJC_MSGSEND = YES;
				GCC_C_LANGUAGE_STANDARD = gnu99;
				GCC_NO_COMMON_BLOCKS = YES;
				GCC_WARN_64_TO_32_BIT_CONVERSION = YES;
				GCC_WARN_ABOUT_RETURN_TYPE = YES_ERROR;
				GCC_WARN_UNDECLARED_SELECTOR = YES;
				GCC_WARN_UNINITIALIZED_AUTOS = YES_AGGRESSIVE;
				GCC_WARN_UNUSED_FUNCTION = YES;
				GCC_WARN_UNUSED_VARIABLE = YES;
				IPHONEOS_DEPLOYMENT_TARGET = 8.4;
				MTL_ENABLE_DEBUG_INFO = NO;
				SDKROOT = iphoneos;
				VALIDATE_PRODUCT = YES;
			};
			name = Release;
		};
		660387BF1BF54A6100B47FAD /* Debug */ = {
			isa = XCBuildConfiguration;
			buildSettings = {
				ASSETCATALOG_COMPILER_APPICON_NAME = AppIcon;
				ASSETCATALOG_COMPILER_LAUNCHIMAGE_NAME = "Brand Assets";
				CODE_SIGN_IDENTITY = "iPhone Developer";
				"CODE_SIGN_IDENTITY[sdk=iphoneos*]" = "iPhone Developer";
				INFOPLIST_FILE = map2/Info.plist;
				LD_RUNPATH_SEARCH_PATHS = "$(inherited) @executable_path/Frameworks";
				PRODUCT_NAME = "$(TARGET_NAME)";
				PROVISIONING_PROFILE = "";
			};
			name = Debug;
		};
		660387C01BF54A6100B47FAD /* Release */ = {
			isa = XCBuildConfiguration;
			buildSettings = {
				ASSETCATALOG_COMPILER_APPICON_NAME = AppIcon;
				ASSETCATALOG_COMPILER_LAUNCHIMAGE_NAME = "Brand Assets";
				CODE_SIGN_IDENTITY = "iPhone Developer";
				"CODE_SIGN_IDENTITY[sdk=iphoneos*]" = "iPhone Developer";
				INFOPLIST_FILE = map2/Info.plist;
				LD_RUNPATH_SEARCH_PATHS = "$(inherited) @executable_path/Frameworks";
				PRODUCT_NAME = "$(TARGET_NAME)";
				PROVISIONING_PROFILE = "";
			};
			name = Release;
		};
		660387C21BF54A6100B47FAD /* Debug */ = {
			isa = XCBuildConfiguration;
			buildSettings = {
				BUNDLE_LOADER = "$(TEST_HOST)";
				FRAMEWORK_SEARCH_PATHS = (
					"$(SDKROOT)/Developer/Library/Frameworks",
					"$(inherited)",
				);
				GCC_PREPROCESSOR_DEFINITIONS = (
					"DEBUG=1",
					"$(inherited)",
				);
				INFOPLIST_FILE = map2Tests/Info.plist;
				LD_RUNPATH_SEARCH_PATHS = "$(inherited) @executable_path/Frameworks @loader_path/Frameworks";
				PRODUCT_NAME = "$(TARGET_NAME)";
				TEST_HOST = "$(BUILT_PRODUCTS_DIR)/map2.app/map2";
			};
			name = Debug;
		};
		660387C31BF54A6100B47FAD /* Release */ = {
			isa = XCBuildConfiguration;
			buildSettings = {
				BUNDLE_LOADER = "$(TEST_HOST)";
				FRAMEWORK_SEARCH_PATHS = (
					"$(SDKROOT)/Developer/Library/Frameworks",
					"$(inherited)",
				);
				INFOPLIST_FILE = map2Tests/Info.plist;
				LD_RUNPATH_SEARCH_PATHS = "$(inherited) @executable_path/Frameworks @loader_path/Frameworks";
				PRODUCT_NAME = "$(TARGET_NAME)";
				TEST_HOST = "$(BUILT_PRODUCTS_DIR)/map2.app/map2";
			};
			name = Release;
		};
/* End XCBuildConfiguration section */

/* Begin XCConfigurationList section */
		660387961BF54A6100B47FAD /* Build configuration list for PBXProject "map2" */ = {
			isa = XCConfigurationList;
			buildConfigurations = (
				660387BC1BF54A6100B47FAD /* Debug */,
				660387BD1BF54A6100B47FAD /* Release */,
			);
			defaultConfigurationIsVisible = 0;
			defaultConfigurationName = Release;
		};
		660387BE1BF54A6100B47FAD /* Build configuration list for PBXNativeTarget "map2" */ = {
			isa = XCConfigurationList;
			buildConfigurations = (
				660387BF1BF54A6100B47FAD /* Debug */,
				660387C01BF54A6100B47FAD /* Release */,
			);
			defaultConfigurationIsVisible = 0;
			defaultConfigurationName = Release;
		};
		660387C11BF54A6100B47FAD /* Build configuration list for PBXNativeTarget "map2Tests" */ = {
			isa = XCConfigurationList;
			buildConfigurations = (
				660387C21BF54A6100B47FAD /* Debug */,
				660387C31BF54A6100B47FAD /* Release */,
			);
			defaultConfigurationIsVisible = 0;
			defaultConfigurationName = Release;
		};
/* End XCConfigurationList section */
	};
	rootObject = 660387931BF54A6100B47FAD /* Project object */;
}
